Lokaltog/vim-easymotion (1.3)
ack.vim (0.3.1)
ag.vim (1.0)
changa/markdown-preview.vim (v0.0.2)
changa/psql.vim (0.05)
changa/tabular (0.0.1)
changa/vim-addon-mw-utils (0.0.1)
changa/vim-css-color (0.7.3)
changa/vim-elixir (0.0.1)
changa/vim-flavored-markdown (v0.0.1)
changa/vim-gitgutter (v0.0.1)
changa/vim-haml (0.0.1)
changa/vim-markdown (0.0.1)
changa/vim-multimarkdown (v0.1)
changa/vim-obsession (v0.0.1)
changa/vim-slim (0.0.1)
changa/vim-snippets (0.0.1)
changa/vim-tomorrow-theme (v1.0.1)
easybuffer.vim (0.1.4)
ervandew/supertab (2.0)
garbas/vim-snipmate (v0.86)
kana/vim-grex (0.0.2)
kana/vim-metarw-git (0.0.4)
kana/vim-repeat (0.0.0)
kana/vim-smartinput (0.0.5)
kana/vim-textobj-entire (0.0.2)
kana/vim-textobj-indent (0.0.6)
kana/vim-textobj-line (0.0.1)
kana/vim-textobj-user (0.3.12)
kien/ctrlp.vim (1.78)
mikewest/vimroom (v0.7)
molokai (1.1)
nelstrom/vim-visual-star-search (0.2)
nginx.vim (0.3.2)
scrooloose/nerdtree (4.2.0)
scrooloose/syntastic (3.0.0)
surround.vim (2.0)
tComment (2.08)
tomtom/tlib_vim (v040)
tpope/vim-bundler (v1.0)
tpope/vim-characterize (v1.0)
tpope/vim-endwise (v1.1)
tpope/vim-fugitive (v1.2)
tpope/vim-git (v6.0)
tpope/vim-rails (v5.0)
tpope/vim-rake (v1.1)
tpope/vim-rbenv (v1.1)
tpope/vim-sensible (v1.0)
tpope/vim-unimpaired (v1.2)
tpope/vim-vividchalk (v2.0)
vim-coffee-script (v002)
vim-javascript (1.0.0)
