ack.vim (0.3.1)
ag.vim (1.0)
changa/tabular (0.0.1)
changa/vim-slim (0.0.1)
changa/vim-tomorrow-theme (v1.0.1)
easybuffer.vim (0.1.4)
ervandew/supertab (2.0)
kana/vim-textobj-entire (0.0.2)
kana/vim-textobj-user (0.3.12)
molokai (1.1)
scrooloose/nerdtree (4.2.0)
scrooloose/syntastic (2.2.0)
surround.vim (2.0)
tComment (2.08)
tpope/vim-bundler (v1.0)
tpope/vim-characterize (v1.0)
tpope/vim-endwise (v1.1)
tpope/vim-fugitive (v1.2)
tpope/vim-git (v6.0)
tpope/vim-rails (v4.4)
tpope/vim-rake (v1.1)
tpope/vim-repeat (v1.1)
tpope/vim-sensible (v1.0)
tpope/vim-unimpaired (v1.2)
