Lokaltog/vim-easymotion (1.3)
SyntaxComplete (13.0)
ack.vim (0.3.1)
ag.vim (1.0)
airblade/vim-gitgutter (e5efbaffc066ababc9ae0d689c7050fa5d6591bd at master)
bling/vim-airline (v0.7)
cespare/vim-toml (190a55c2dd70ff0f865d5012bd637e8e0c426418 at master)
changa/markdown-preview.vim (v0.0.2)
changa/neomru.vim (v0.1)
changa/psql.vim (0.05)
changa/tabular (0.0.1)
changa/unite.vim (v6.0)
changa/vim-addon-mw-utils (0.0.1)
changa/vim-css-color (0.7.3)
changa/vim-flavored-markdown (v0.0.1)
changa/vim-fontsize (v0.3.3)
changa/vim-haml (0.0.1)
changa/vim-jade (v0.0.1)
changa/vim-markdown (0.0.1)
changa/vim-multimarkdown (v0.1)
changa/vim-obsession (v0.0.1)
changa/vim-signature (v0.0.1)
changa/vim-slim (v0.0.3)
changa/vim-snippets (0.0.1)
changa/vim-tomorrow-theme (v1.0.2)
changa/vimproc.vim (v7.1)
ditaa (0.1)
easybuffer.vim (0.1.4)
elixir-lang/vim-elixir (fbada85b459dbade7504a547d9aad652b890e0ac at master)
elzr/vim-json (3b812644bca0932f51f32c92d81c64813803b18b at master)
ervandew/supertab (2.0)
garbas/vim-snipmate (v0.86)
hail2u/vim-css3-syntax (v0.13.0)
kana/vim-grex (0.0.2)
kana/vim-metarw-git (0.0.4)
kana/vim-repeat (0.0.0)
kana/vim-smartinput (0.0.5)
kana/vim-textobj-entire (0.0.2)
kana/vim-textobj-indent (0.0.6)
kana/vim-textobj-line (0.0.1)
kana/vim-textobj-user (0.3.12)
lambdatoast/elm.vim (928ddc0aa35c5bffe752f26ccfaa83615f605cb0 at master)
luochen1990/rainbow (v3.3.1)
mbbill/undotree (fa018f38252f58073f2987f8bf0d2d4a61e07277 at master)
mikewest/vimroom (v0.7)
molokai (1.1)
nelstrom/vim-visual-star-search (0.2)
nginx.vim (0.3.2)
othree/yajs.vim (2ef26f906053b6090aaaeca703cd0ba155dfcaf8 at master)
rust-lang/rust.vim (037a66c6408b4850a0ed0a407fbc13ac2ff9db53 at master)
scrooloose/nerdtree (4.2.0)
scrooloose/syntastic (3.7.0)
surround.vim (2.0)
tComment (2.08)
tomtom/tlib_vim (v040)
tpope/vim-bundler (v1.0)
tpope/vim-characterize (v1.0)
tpope/vim-endwise (bba43b831ae0485cf9b86d16340a6a314b927391 at master)
tpope/vim-fugitive (v2.2)
tpope/vim-git (v6.0)
tpope/vim-rails (v5.0)
tpope/vim-rake (v1.1)
tpope/vim-rbenv (v1.1)
tpope/vim-sensible (v1.0)
tpope/vim-unimpaired (v1.2)
tpope/vim-vividchalk (v2.0)
vim-coffee-script (v002)
